
Microsoft Visual Studio Solution File, Format Version 12.00
# Visual Studio Version 16
VisualStudioVersion = 16.0.29709.97
MinimumVisualStudioVersion = 10.0.40219.1
Project("{9A19103F-16F7-4668-BE54-9A1E7A4F7556}") = "KornetzkiIT.Reflection.AssemblyInformation", "KornetzkiIT.Reflection.AssemblyInformation\KornetzkiIT.Reflection.AssemblyInformation.csproj", "{97AC13EC-184E-41EB-8E03-C1C65E5122CC}"
EndProject
Project("{2150E333-8FDC-42A3-9474-1A3956D46DE8}") = "Repository Meta", "Repository Meta", "{6F0BF3CA-4699-4B38-A5CF-F6893962A752}"
	ProjectSection(SolutionItems) = preProject
		CODE_OF_CONDUCT.md = CODE_OF_CONDUCT.md
		CONTRIBUTING.md = CONTRIBUTING.md
		LICENSE.txt = LICENSE.txt
		README.md = README.md
		SECURITY.md = SECURITY.md
	EndProjectSection
EndProject
Project("{2150E333-8FDC-42A3-9474-1A3956D46DE8}") = "Solution Items", "Solution Items", "{4F5B2502-10B6-49E5-B55F-229F22CAE6A0}"
	ProjectSection(SolutionItems) = preProject
		.editorconfig = .editorconfig
	EndProjectSection
EndProject
Project("{2150E333-8FDC-42A3-9474-1A3956D46DE8}") = "GitHub Meta", "GitHub Meta", "{1B18AF23-019B-4868-A120-3F5493D5DBBB}"
	ProjectSection(SolutionItems) = preProject
		.github\CODEOWNERS = .github\CODEOWNERS
	EndProjectSection
EndProject
Project("{2150E333-8FDC-42A3-9474-1A3956D46DE8}") = "Issue and Pull Request Templates", "Issue and Pull Request Templates", "{1B461315-CE1C-497B-8A06-7920D5EBC94F}"
	ProjectSection(SolutionItems) = preProject
		.github\ISSUE_TEMPLATE\bug_report.md = .github\ISSUE_TEMPLATE\bug_report.md
		.github\ISSUE_TEMPLATE\feature_request.md = .github\ISSUE_TEMPLATE\feature_request.md
		.github\pull_request_template.md = .github\pull_request_template.md
	EndProjectSection
EndProject
Project("{9A19103F-16F7-4668-BE54-9A1E7A4F7556}") = "KornetzkiIT.Reflection.AssemblyInformation.UnitTest", "KornetzkiIT.Reflection.AssemblyInformation.UnitTest\KornetzkiIT.Reflection.AssemblyInformation.UnitTest.csproj", "{DA02302B-A269-41A4-AAF0-B6BA074D9FCF}"
EndProject
Global
	GlobalSection(SolutionConfigurationPlatforms) = preSolution
		Debug|Any CPU = Debug|Any CPU
		Release|Any CPU = Release|Any CPU
	EndGlobalSection
	GlobalSection(ProjectConfigurationPlatforms) = postSolution
		{97AC13EC-184E-41EB-8E03-C1C65E5122CC}.Debug|Any CPU.ActiveCfg = Debug|Any CPU
		{97AC13EC-184E-41EB-8E03-C1C65E5122CC}.Debug|Any CPU.Build.0 = Debug|Any CPU
		{97AC13EC-184E-41EB-8E03-C1C65E5122CC}.Release|Any CPU.ActiveCfg = Release|Any CPU
		{97AC13EC-184E-41EB-8E03-C1C65E5122CC}.Release|Any CPU.Build.0 = Release|Any CPU
		{DA02302B-A269-41A4-AAF0-B6BA074D9FCF}.Debug|Any CPU.ActiveCfg = Debug|Any CPU
		{DA02302B-A269-41A4-AAF0-B6BA074D9FCF}.Debug|Any CPU.Build.0 = Debug|Any CPU
		{DA02302B-A269-41A4-AAF0-B6BA074D9FCF}.Release|Any CPU.ActiveCfg = Debug|Any CPU
		{DA02302B-A269-41A4-AAF0-B6BA074D9FCF}.Release|Any CPU.Build.0 = Debug|Any CPU
	EndGlobalSection
	GlobalSection(SolutionProperties) = preSolution
		HideSolutionNode = FALSE
	EndGlobalSection
	GlobalSection(NestedProjects) = preSolution
		{1B18AF23-019B-4868-A120-3F5493D5DBBB} = {6F0BF3CA-4699-4B38-A5CF-F6893962A752}
		{1B461315-CE1C-497B-8A06-7920D5EBC94F} = {1B18AF23-019B-4868-A120-3F5493D5DBBB}
	EndGlobalSection
	GlobalSection(ExtensibilityGlobals) = postSolution
		SolutionGuid = {29835559-76FB-48BF-A486-2A0B989F52F1}
	EndGlobalSection
EndGlobal
